
Microsoft Visual Studio Solution File, Format Version 12.00
# Visual Studio Version 16
VisualStudioVersion = 16.0.30709.64
MinimumVisualStudioVersion = 10.0.40219.1
Project("{9A19103F-16F7-4668-BE54-9A1E7A4F7556}") = "Vpos", "Vpos\Vpos.csproj", "{8BF2FDE7-2AC0-4580-A479-1B47D306C5A0}"
EndProject
Project("{9A19103F-16F7-4668-BE54-9A1E7A4F7556}") = "Vpos.TestCore", "VposTestsCore\Vpos.TestCore.csproj", "{9C0916A5-F146-4CA7-9C25-590F83BDC2C1}"
	ProjectSection(ProjectDependencies) = postProject
		{8BF2FDE7-2AC0-4580-A479-1B47D306C5A0} = {8BF2FDE7-2AC0-4580-A479-1B47D306C5A0}
	EndProjectSection
EndProject
Global
	GlobalSection(SolutionConfigurationPlatforms) = preSolution
		Debug|Any CPU = Debug|Any CPU
		Release|Any CPU = Release|Any CPU
	EndGlobalSection
	GlobalSection(ProjectConfigurationPlatforms) = postSolution
		{8BF2FDE7-2AC0-4580-A479-1B47D306C5A0}.Debug|Any CPU.ActiveCfg = Debug|Any CPU
		{8BF2FDE7-2AC0-4580-A479-1B47D306C5A0}.Debug|Any CPU.Build.0 = Debug|Any CPU
		{8BF2FDE7-2AC0-4580-A479-1B47D306C5A0}.Release|Any CPU.ActiveCfg = Release|Any CPU
		{8BF2FDE7-2AC0-4580-A479-1B47D306C5A0}.Release|Any CPU.Build.0 = Release|Any CPU
		{9C0916A5-F146-4CA7-9C25-590F83BDC2C1}.Debug|Any CPU.ActiveCfg = Debug|Any CPU
		{9C0916A5-F146-4CA7-9C25-590F83BDC2C1}.Debug|Any CPU.Build.0 = Debug|Any CPU
		{9C0916A5-F146-4CA7-9C25-590F83BDC2C1}.Release|Any CPU.ActiveCfg = Release|Any CPU
		{9C0916A5-F146-4CA7-9C25-590F83BDC2C1}.Release|Any CPU.Build.0 = Release|Any CPU
	EndGlobalSection
	GlobalSection(SolutionProperties) = preSolution
		HideSolutionNode = FALSE
	EndGlobalSection
	GlobalSection(ExtensibilityGlobals) = postSolution
		SolutionGuid = {2C8ADBC6-F877-4A73-9E36-FEDE4AB37CB4}
	EndGlobalSection
EndGlobal
